
Microsoft Visual Studio Solution File, Format Version 12.00
# Visual Studio Version 17
VisualStudioVersion = 17.1.32228.430
MinimumVisualStudioVersion = 10.0.40219.1
Project("{9A19103F-16F7-4668-BE54-9A1E7A4F7556}") = "Avanade.AzureTramWorkshop.SpeedSensor", "Avanade.AzureTramWorkshop.SpeedSensor\Avanade.AzureTramWorkshop.SpeedSensor.csproj", "{6FACE79B-E037-4DDB-9D5A-88499BE2A327}"
EndProject
Project("{FAE04EC0-301F-11D3-BF4B-00C04F79EFBC}") = "Avanade.AzureTramWorkshop.Common", "Avanade.AzureTramWorkshop.Common\Avanade.AzureTramWorkshop.Common.csproj", "{EEFD63F7-1CA6-4947-8879-9246E89D19BC}"
EndProject
Project("{FAE04EC0-301F-11D3-BF4B-00C04F79EFBC}") = "Avanade.AzureTramWorkshop.EngineTemperatureSensor", "Avanade.AzureTramWorkshop.EngineTemperatureSensor\Avanade.AzureTramWorkshop.EngineTemperatureSensor.csproj", "{D750D7E4-F0F3-459D-992E-CD6B062B8B9A}"
EndProject
Project("{FAE04EC0-301F-11D3-BF4B-00C04F79EFBC}") = "Avanade.AzureTramWorkshop.Functions", "Avanade.AzureTramWorkshop.Functions\Avanade.AzureTramWorkshop.Functions.csproj", "{70D9D8BA-ED69-4200-BA06-DB228DAD38B5}"
EndProject
Global
	GlobalSection(SolutionConfigurationPlatforms) = preSolution
		Debug|Any CPU = Debug|Any CPU
		Release|Any CPU = Release|Any CPU
	EndGlobalSection
	GlobalSection(ProjectConfigurationPlatforms) = postSolution
		{6FACE79B-E037-4DDB-9D5A-88499BE2A327}.Debug|Any CPU.ActiveCfg = Debug|Any CPU
		{6FACE79B-E037-4DDB-9D5A-88499BE2A327}.Debug|Any CPU.Build.0 = Debug|Any CPU
		{6FACE79B-E037-4DDB-9D5A-88499BE2A327}.Release|Any CPU.ActiveCfg = Release|Any CPU
		{6FACE79B-E037-4DDB-9D5A-88499BE2A327}.Release|Any CPU.Build.0 = Release|Any CPU
		{EEFD63F7-1CA6-4947-8879-9246E89D19BC}.Debug|Any CPU.ActiveCfg = Debug|Any CPU
		{EEFD63F7-1CA6-4947-8879-9246E89D19BC}.Debug|Any CPU.Build.0 = Debug|Any CPU
		{EEFD63F7-1CA6-4947-8879-9246E89D19BC}.Release|Any CPU.ActiveCfg = Release|Any CPU
		{EEFD63F7-1CA6-4947-8879-9246E89D19BC}.Release|Any CPU.Build.0 = Release|Any CPU
		{D750D7E4-F0F3-459D-992E-CD6B062B8B9A}.Debug|Any CPU.ActiveCfg = Debug|Any CPU
		{D750D7E4-F0F3-459D-992E-CD6B062B8B9A}.Debug|Any CPU.Build.0 = Debug|Any CPU
		{D750D7E4-F0F3-459D-992E-CD6B062B8B9A}.Release|Any CPU.ActiveCfg = Release|Any CPU
		{D750D7E4-F0F3-459D-992E-CD6B062B8B9A}.Release|Any CPU.Build.0 = Release|Any CPU
		{70D9D8BA-ED69-4200-BA06-DB228DAD38B5}.Debug|Any CPU.ActiveCfg = Debug|Any CPU
		{70D9D8BA-ED69-4200-BA06-DB228DAD38B5}.Debug|Any CPU.Build.0 = Debug|Any CPU
		{70D9D8BA-ED69-4200-BA06-DB228DAD38B5}.Release|Any CPU.ActiveCfg = Release|Any CPU
		{70D9D8BA-ED69-4200-BA06-DB228DAD38B5}.Release|Any CPU.Build.0 = Release|Any CPU
	EndGlobalSection
	GlobalSection(SolutionProperties) = preSolution
		HideSolutionNode = FALSE
	EndGlobalSection
	GlobalSection(ExtensibilityGlobals) = postSolution
		SolutionGuid = {126115C5-1E1D-450F-B39D-A6F29E767EBA}
	EndGlobalSection
EndGlobal
